Microsoft Visual Studio Solution File, Format Version 12.00
# Visual Studio Version 17
VisualStudioVersion = 17.5.2.0
MinimumVisualStudioVersion = 10.0.40219.1
Project("{FAE04EC0-301F-11D3-BF4B-00C04F79EFBC}") = "Console_Lab2", "Console_Lab2.csproj", "{E3D316B5-7205-71E9-C49D-83E03AD491CA}"
EndProject
Global
	GlobalSection(SolutionConfigurationPlatforms) = preSolution
		Debug|Any CPU = Debug|Any CPU
		Release|Any CPU = Release|Any CPU
	EndGlobalSection
	GlobalSection(ProjectConfigurationPlatforms) = postSolution
		{E3D316B5-7205-71E9-C49D-83E03AD491CA}.Debug|Any CPU.ActiveCfg = Debug|Any CPU
		{E3D316B5-7205-71E9-C49D-83E03AD491CA}.Debug|Any CPU.Build.0 = Debug|Any CPU
		{E3D316B5-7205-71E9-C49D-83E03AD491CA}.Release|Any CPU.ActiveCfg = Release|Any CPU
		{E3D316B5-7205-71E9-C49D-83E03AD491CA}.Release|Any CPU.Build.0 = Release|Any CPU
	EndGlobalSection
	GlobalSection(SolutionProperties) = preSolution
		HideSolutionNode = FALSE
	EndGlobalSection
	GlobalSection(ExtensibilityGlobals) = postSolution
		SolutionGuid = {89619A5B-904F-4255-A409-E688C00D4E7A}
	EndGlobalSection
EndGlobal
